
Microsoft Visual Studio Solution File, Format Version 12.00
# Visual Studio Version 17
VisualStudioVersion = 17.2.32602.215
MinimumVisualStudioVersion = 10.0.40219.1
Project("{FAE04EC0-301F-11D3-BF4B-00C04F79EFBC}") = "VendingMachine", "VendingMachine\VendingMachine.csproj", "{EA06EEFA-B81C-42D5-9780-FE9B1F533766}"
EndProject
Project("{FAE04EC0-301F-11D3-BF4B-00C04F79EFBC}") = "VendingMachine.Test", "VendingMachine.Test\VendingMachine.Test.csproj", "{6C77EEB1-8C74-48DF-80BE-C2AF542BBBCA}"
EndProject
Global
	GlobalSection(SolutionConfigurationPlatforms) = preSolution
		Debug|Any CPU = Debug|Any CPU
		Release|Any CPU = Release|Any CPU
	EndGlobalSection
	GlobalSection(ProjectConfigurationPlatforms) = postSolution
		{EA06EEFA-B81C-42D5-9780-FE9B1F533766}.Debug|Any CPU.ActiveCfg = Debug|Any CPU
		{EA06EEFA-B81C-42D5-9780-FE9B1F533766}.Debug|Any CPU.Build.0 = Debug|Any CPU
		{EA06EEFA-B81C-42D5-9780-FE9B1F533766}.Release|Any CPU.ActiveCfg = Release|Any CPU
		{EA06EEFA-B81C-42D5-9780-FE9B1F533766}.Release|Any CPU.Build.0 = Release|Any CPU
		{6C77EEB1-8C74-48DF-80BE-C2AF542BBBCA}.Debug|Any CPU.ActiveCfg = Debug|Any CPU
		{6C77EEB1-8C74-48DF-80BE-C2AF542BBBCA}.Debug|Any CPU.Build.0 = Debug|Any CPU
		{6C77EEB1-8C74-48DF-80BE-C2AF542BBBCA}.Release|Any CPU.ActiveCfg = Release|Any CPU
		{6C77EEB1-8C74-48DF-80BE-C2AF542BBBCA}.Release|Any CPU.Build.0 = Release|Any CPU
	EndGlobalSection
	GlobalSection(SolutionProperties) = preSolution
		HideSolutionNode = FALSE
	EndGlobalSection
	GlobalSection(ExtensibilityGlobals) = postSolution
		SolutionGuid = {01AA1272-3C92-49E7-A694-10E72F1382AC}
	EndGlobalSection
EndGlobal
